// !$*UTF8*$!
{
	archiveVersion = 1;
	classes = {
	};
	objectVersion = 50;
	objects = {

/* Begin PBXBuildFile section */
		12E58692208990DE00F294A0 /* AppDelegate.m in Sources */ = {isa = PBXBuildFile; fileRef = 12E58691208990DE00F294A0 /* AppDelegate.m */; };
		12E58694208990E000F294A0 /* Assets.xcassets in Resources */ = {isa = PBXBuildFile; fileRef = 12E58693208990E000F294A0 /* Assets.xcassets */; };
		12E58697208990E000F294A0 /* LaunchScreen.storyboard in Resources */ = {isa = PBXBuildFile; fileRef = 12E58695208990E000F294A0 /* LaunchScreen.storyboard */; };
		12E5869A208990E000F294A0 /* main.m in Sources */ = {isa = PBXBuildFile; fileRef = 12E58699208990E000F294A0 /* main.m */; };
		12E586A2208990FF00F294A0 /* MainViewController.m in Sources */ = {isa = PBXBuildFile; fileRef = 12E586A1208990FF00F294A0 /* MainViewController.m */; };
		12E586A5208991FD00F294A0 /* PageTitleView.m in Sources */ = {isa = PBXBuildFile; fileRef = 12E586A4208991FD00F294A0 /* PageTitleView.m */; };
		12E586A92089C97100F294A0 /* PageContentView.m in Sources */ = {isa = PBXBuildFile; fileRef = 12E586A82089C97100F294A0 /* PageContentView.m */; };
/* End PBXBuildFile section */

/* Begin PBXFileReference section */
		12E5868D208990DE00F294A0 /* 多标签视图选择器.app */ = {isa = PBXFileReference; explicitFileType = wrapper.application; includeInIndex = 0; path = "多标签视图选择器.app"; sourceTree = BUILT_PRODUCTS_DIR; };
		12E58690208990DE00F294A0 /* AppDelegate.h */ = {isa = PBXFileReference; lastKnownFileType = sourcecode.c.h; path = AppDelegate.h; sourceTree = "<group>"; };
		12E58691208990DE00F294A0 /* AppDelegate.m */ = {isa = PBXFileReference; lastKnownFileType = sourcecode.c.objc; path = AppDelegate.m; sourceTree = "<group>"; };
		12E58693208990E000F294A0 /* Assets.xcassets */ = {isa = PBXFileReference; lastKnownFileType = folder.assetcatalog; path = Assets.xcassets; sourceTree = "<group>"; };
		12E58696208990E000F294A0 /* Base */ = {isa = PBXFileReference; lastKnownFileType = file.storyboard; name = Base; path = Base.lproj/LaunchScreen.storyboard; sourceTree = "<group>"; };
		12E58698208990E000F294A0 /* Info.plist */ = {isa = PBXFileReference; lastKnownFileType = text.plist.xml; path = Info.plist; sourceTree = "<group>"; };
		12E58699208990E000F294A0 /* main.m */ = {isa = PBXFileReference; lastKnownFileType = sourcecode.c.objc; path = main.m; sourceTree = "<group>"; };
		12E586A0208990FF00F294A0 /* MainViewController.h */ = {isa = PBXFileReference; lastKnownFileType = sourcecode.c.h; path = MainViewController.h; sourceTree = "<group>"; };
		12E586A1208990FF00F294A0 /* MainViewController.m */ = {isa = PBXFileReference; lastKnownFileType = sourcecode.c.objc; path = MainViewController.m; sourceTree = "<group>"; };
		12E586A3208991FD00F294A0 /* PageTitleView.h */ = {isa = PBXFileReference; lastKnownFileType = sourcecode.c.h; path = PageTitleView.h; sourceTree = "<group>"; };
		12E586A4208991FD00F294A0 /* PageTitleView.m */ = {isa = PBXFileReference; lastKnownFileType = sourcecode.c.objc; path = PageTitleView.m; sourceTree = "<group>"; };
		12E586A620899D6D00F294A0 /* Common.h */ = {isa = PBXFileReference; lastKnownFileType = sourcecode.c.h; path = Common.h; sourceTree = "<group>"; };
		12E586A72089C97100F294A0 /* PageContentView.h */ = {isa = PBXFileReference; lastKnownFileType = sourcecode.c.h; path = PageContentView.h; sourceTree = "<group>"; };
		12E586A82089C97100F294A0 /* PageContentView.m */ = {isa = PBXFileReference; lastKnownFileType = sourcecode.c.objc; path = PageContentView.m; sourceTree = "<group>"; };
/* End PBXFileReference section */

/* Begin PBXFrameworksBuildPhase section */
		12E5868A208990DE00F294A0 /* Frameworks */ = {
			isa = PBXFrameworksBuildPhase;
			buildActionMask = 2147483647;
			files = (
			);
			runOnlyForDeploymentPostprocessing = 0;
		};
/* End PBXFrameworksBuildPhase section */

/* Begin PBXGroup section */
		12E58684208990DE00F294A0 = {
			isa = PBXGroup;
			children = (
				12E5868F208990DE00F294A0 /* 多标签视图选择器 */,
				12E5868E208990DE00F294A0 /* Products */,
			);
			sourceTree = "<group>";
		};
		12E5868E208990DE00F294A0 /* Products */ = {
			isa = PBXGroup;
			children = (
				12E5868D208990DE00F294A0 /* 多标签视图选择器.app */,
			);
			name = Products;
			sourceTree = "<group>";
		};
		12E5868F208990DE00F294A0 /* 多标签视图选择器 */ = {
			isa = PBXGroup;
			children = (
				12E58690208990DE00F294A0 /* AppDelegate.h */,
				12E58691208990DE00F294A0 /* AppDelegate.m */,
				12E586A0208990FF00F294A0 /* MainViewController.h */,
				12E586A1208990FF00F294A0 /* MainViewController.m */,
				12E586A3208991FD00F294A0 /* PageTitleView.h */,
				12E586A4208991FD00F294A0 /* PageTitleView.m */,
				12E586A72089C97100F294A0 /* PageContentView.h */,
				12E586A82089C97100F294A0 /* PageContentView.m */,
				12E586A620899D6D00F294A0 /* Common.h */,
				12E58693208990E000F294A0 /* Assets.xcassets */,
				12E58695208990E000F294A0 /* LaunchScreen.storyboard */,
				12E58698208990E000F294A0 /* Info.plist */,
				12E58699208990E000F294A0 /* main.m */,
			);
			path = "多标签视图选择器";
			sourceTree = "<group>";
		};
/* End PBXGroup section */

/* Begin PBXNativeTarget section */
		12E5868C208990DE00F294A0 /* 多标签视图选择器 */ = {
			isa = PBXNativeTarget;
			buildConfigurationList = 12E5869D208990E000F294A0 /* Build configuration list for PBXNativeTarget "多标签视图选择器" */;
			buildPhases = (
				12E58689208990DE00F294A0 /* Sources */,
				12E5868A208990DE00F294A0 /* Frameworks */,
				12E5868B208990DE00F294A0 /* Resources */,
			);
			buildRules = (
			);
			dependencies = (
			);
			name = "多标签视图选择器";
			productName = "多标签视图选择器";
			productReference = 12E5868D208990DE00F294A0 /* 多标签视图选择器.app */;
			productType = "com.apple.product-type.application";
		};
/* End PBXNativeTarget section */

/* Begin PBXProject section */
		12E58685208990DE00F294A0 /* Project object */ = {
			isa = PBXProject;
			attributes = {
				LastUpgradeCheck = 0930;
				ORGANIZATIONNAME = kocla;
				TargetAttributes = {
					12E5868C208990DE00F294A0 = {
						CreatedOnToolsVersion = 9.3;
					};
				};
			};
			buildConfigurationList = 12E58688208990DE00F294A0 /* Build configuration list for PBXProject "多标签视图选择器" */;
			compatibilityVersion = "Xcode 9.3";
			developmentRegion = en;
			hasScannedForEncodings = 0;
			knownRegions = (
				en,
				Base,
			);
			mainGroup = 12E58684208990DE00F294A0;
			productRefGroup = 12E5868E208990DE00F294A0 /* Products */;
			projectDirPath = "";
			projectRoot = "";
			targets = (
				12E5868C208990DE00F294A0 /* 多标签视图选择器 */,
			);
		};
/* End PBXProject section */

/* Begin PBXResourcesBuildPhase section */
		12E5868B208990DE00F294A0 /* Resources */ = {
			isa = PBXResourcesBuildPhase;
			buildActionMask = 2147483647;
			files = (
				12E58694208990E000F294A0 /* Assets.xcassets in Resources */,
				12E58697208990E000F294A0 /* LaunchScreen.storyboard in Resources */,
			);
			runOnlyForDeploymentPostprocessing = 0;
		};
/* End PBXResourcesBuildPhase section */

/* Begin PBXSourcesBuildPhase section */
		12E58689208990DE00F294A0 /* Sources */ = {
			isa = PBXSourcesBuildPhase;
			buildActionMask = 2147483647;
			files = (
				12E586A5208991FD00F294A0 /* PageTitleView.m in Sources */,
				12E5869A208990E000F294A0 /* main.m in Sources */,
				12E586A2208990FF00F294A0 /* MainViewController.m in Sources */,
				12E586A92089C97100F294A0 /* PageContentView.m in Sources */,
				12E58692208990DE00F294A0 /* AppDelegate.m in Sources */,
			);
			runOnlyForDeploymentPostprocessing = 0;
		};
/* End PBXSourcesBuildPhase section */

/* Begin PBXVariantGroup section */
		12E58695208990E000F294A0 /* LaunchScreen.storyboard */ = {
			isa = PBXVariantGroup;
			children = (
				12E58696208990E000F294A0 /* Base */,
			);
			name = LaunchScreen.storyboard;
			sourceTree = "<group>";
		};
/* End PBXVariantGroup section */

/* Begin XCBuildConfiguration section */
		12E5869B208990E000F294A0 /* Debug */ = {
			isa = XCBuildConfiguration;
			buildSettings = {
				ALWAYS_SEARCH_USER_PATHS = NO;
				CLANG_ANALYZER_NONNULL = YES;
				CLANG_ANALYZER_NUMBER_OBJECT_CONVERSION = YES_AGGRESSIVE;
				CLANG_CXX_LANGUAGE_STANDARD = "gnu++14";
				CLANG_CXX_LIBRARY = "libc++";
				CLANG_ENABLE_MODULES = YES;
				CLANG_ENABLE_OBJC_ARC = YES;
				CLANG_ENABLE_OBJC_WEAK = YES;
				CLANG_WARN_BLOCK_CAPTURE_AUTORELEASING = YES;
				CLANG_WARN_BOOL_CONVERSION = YES;
				CLANG_WARN_COMMA = YES;
				CLANG_WARN_CONSTANT_CONVERSION = YES;
				CLANG_WARN_DEPRECATED_OBJC_IMPLEMENTATIONS = YES;
				CLANG_WARN_DIRECT_OBJC_ISA_USAGE = YES_ERROR;
				CLANG_WARN_DOCUMENTATION_COMMENTS = YES;
				CLANG_WARN_EMPTY_BODY = YES;
				CLANG_WARN_ENUM_CONVERSION = YES;
				CLANG_WARN_INFINITE_RECURSION = YES;
				CLANG_WARN_INT_CONVERSION = YES;
				CLANG_WARN_NON_LITERAL_NULL_CONVERSION = YES;
				CLANG_WARN_OBJC_IMPLICIT_RETAIN_SELF = YES;
				CLANG_WARN_OBJC_LITERAL_CONVERSION = YES;
				CLANG_WARN_OBJC_ROOT_CLASS = YES_ERROR;
				CLANG_WARN_RANGE_LOOP_ANALYSIS = YES;
				CLANG_WARN_STRICT_PROTOTYPES = YES;
				CLANG_WARN_SUSPICIOUS_MOVE = YES;
				CLANG_WARN_UNGUARDED_AVAILABILITY = YES_AGGRESSIVE;
				CLANG_WARN_UNREACHABLE_CODE = YES;
				CLANG_WARN__DUPLICATE_METHOD_MATCH = YES;
				CODE_SIGN_IDENTITY = "iPhone Developer";
				COPY_PHASE_STRIP = NO;
				DEBUG_INFORMATION_FORMAT = dwarf;
				ENABLE_STRICT_OBJC_MSGSEND = YES;
				ENABLE_TESTABILITY = YES;
				GCC_C_LANGUAGE_STANDARD = gnu11;
				GCC_DYNAMIC_NO_PIC = NO;
				GCC_NO_COMMON_BLOCKS = YES;
				GCC_OPTIMIZATION_LEVEL = 0;
				GCC_PREPROCESSOR_DEFINITIONS = (
					"DEBUG=1",
					"$(inherited)",
				);
				GCC_WARN_64_TO_32_BIT_CONVERSION = YES;
				GCC_WARN_ABOUT_RETURN_TYPE = YES_ERROR;
				GCC_WARN_UNDECLARED_SELECTOR = YES;
				GCC_WARN_UNINITIALIZED_AUTOS = YES_AGGRESSIVE;
				GCC_WARN_UNUSED_FUNCTION = YES;
				GCC_WARN_UNUSED_VARIABLE = YES;
				IPHONEOS_DEPLOYMENT_TARGET = 11.3;
				MTL_ENABLE_DEBUG_INFO = YES;
				ONLY_ACTIVE_ARCH = YES;
				SDKROOT = iphoneos;
			};
			name = Debug;
		};
		12E5869C208990E000F294A0 /* Release */ = {
			isa = XCBuildConfiguration;
			buildSettings = {
				ALWAYS_SEARCH_USER_PATHS = NO;
				CLANG_ANALYZER_NONNULL = YES;
				CLANG_ANALYZER_NUMBER_OBJECT_CONVERSION = YES_AGGRESSIVE;
				CLANG_CXX_LANGUAGE_STANDARD = "gnu++14";
				CLANG_CXX_LIBRARY = "libc++";
				CLANG_ENABLE_MODULES = YES;
				CLANG_ENABLE_OBJC_ARC = YES;
				CLANG_ENABLE_OBJC_WEAK = YES;
				CLANG_WARN_BLOCK_CAPTURE_AUTORELEASING = YES;
				CLANG_WARN_BOOL_CONVERSION = YES;
				CLANG_WARN_COMMA = YES;
				CLANG_WARN_CONSTANT_CONVERSION = YES;
				CLANG_WARN_DEPRECATED_OBJC_IMPLEMENTATIONS = YES;
				CLANG_WARN_DIRECT_OBJC_ISA_USAGE = YES_ERROR;
				CLANG_WARN_DOCUMENTATION_COMMENTS = YES;
				CLANG_WARN_EMPTY_BODY = YES;
				CLANG_WARN_ENUM_CONVERSION = YES;
				CLANG_WARN_INFINITE_RECURSION = YES;
				CLANG_WARN_INT_CONVERSION = YES;
				CLANG_WARN_NON_LITERAL_NULL_CONVERSION = YES;
				CLANG_WARN_OBJC_IMPLICIT_RETAIN_SELF = YES;
				CLANG_WARN_OBJC_LITERAL_CONVERSION = YES;
				CLANG_WARN_OBJC_ROOT_CLASS = YES_ERROR;
				CLANG_WARN_RANGE_LOOP_ANALYSIS = YES;
				CLANG_WARN_STRICT_PROTOTYPES = YES;
				CLANG_WARN_SUSPICIOUS_MOVE = YES;
				CLANG_WARN_UNGUARDED_AVAILABILITY = YES_AGGRESSIVE;
				CLANG_WARN_UNREACHABLE_CODE = YES;
				CLANG_WARN__DUPLICATE_METHOD_MATCH = YES;
				CODE_SIGN_IDENTITY = "iPhone Developer";
				COPY_PHASE_STRIP = NO;
				DEBUG_INFORMATION_FORMAT = "dwarf-with-dsym";
				ENABLE_NS_ASSERTIONS = NO;
				ENABLE_STRICT_OBJC_MSGSEND = YES;
				GCC_C_LANGUAGE_STANDARD = gnu11;
				GCC_NO_COMMON_BLOCKS = YES;
				GCC_WARN_64_TO_32_BIT_CONVERSION = YES;
				GCC_WARN_ABOUT_RETURN_TYPE = YES_ERROR;
				GCC_WARN_UNDECLARED_SELECTOR = YES;
				GCC_WARN_UNINITIALIZED_AUTOS = YES_AGGRESSIVE;
				GCC_WARN_UNUSED_FUNCTION = YES;
				GCC_WARN_UNUSED_VARIABLE = YES;
				IPHONEOS_DEPLOYMENT_TARGET = 11.3;
				MTL_ENABLE_DEBUG_INFO = NO;
				SDKROOT = iphoneos;
				VALIDATE_PRODUCT = YES;
			};
			name = Release;
		};
		12E5869E208990E000F294A0 /* Debug */ = {
			isa = XCBuildConfiguration;
			buildSettings = {
				ASSETCATALOG_COMPILER_APPICON_NAME = AppIcon;
				CODE_SIGN_STYLE = Automatic;
				INFOPLIST_FILE = "多标签视图选择器/Info.plist";
				LD_RUNPATH_SEARCH_PATHS = (
					"$(inherited)",
					"@executable_path/Frameworks",
				);
				PRODUCT_BUNDLE_IDENTIFIER = "com.kocla.--------";
				PRODUCT_NAME = "$(TARGET_NAME)";
				TARGETED_DEVICE_FAMILY = "1,2";
			};
			name = Debug;
		};
		12E5869F208990E000F294A0 /* Release */ = {
			isa = XCBuildConfiguration;
			buildSettings = {
				ASSETCATALOG_COMPILER_APPICON_NAME = AppIcon;
				CODE_SIGN_STYLE = Automatic;
				INFOPLIST_FILE = "多标签视图选择器/Info.plist";
				LD_RUNPATH_SEARCH_PATHS = (
					"$(inherited)",
					"@executable_path/Frameworks",
				);
				PRODUCT_BUNDLE_IDENTIFIER = "com.kocla.--------";
				PRODUCT_NAME = "$(TARGET_NAME)";
				TARGETED_DEVICE_FAMILY = "1,2";
			};
			name = Release;
		};
/* End XCBuildConfiguration section */

/* Begin XCConfigurationList section */
		12E58688208990DE00F294A0 /* Build configuration list for PBXProject "多标签视图选择器" */ = {
			isa = XCConfigurationList;
			buildConfigurations = (
				12E5869B208990E000F294A0 /* Debug */,
				12E5869C208990E000F294A0 /* Release */,
			);
			defaultConfigurationIsVisible = 0;
			defaultConfigurationName = Release;
		};
		12E5869D208990E000F294A0 /* Build configuration list for PBXNativeTarget "多标签视图选择器" */ = {
			isa = XCConfigurationList;
			buildConfigurations = (
				12E5869E208990E000F294A0 /* Debug */,
				12E5869F208990E000F294A0 /* Release */,
			);
			defaultConfigurationIsVisible = 0;
			defaultConfigurationName = Release;
		};
/* End XCConfigurationList section */
	};
	rootObject = 12E58685208990DE00F294A0 /* Project object */;
}
